
Microsoft Visual Studio Solution File, Format Version 12.00
# Visual Studio 15
VisualStudioVersion = 15.0.28010.2046
MinimumVisualStudioVersion = 10.0.40219.1
Project("{FAE04EC0-301F-11D3-BF4B-00C04F79EFBC}") = "SfListViewSample.Android", "ReOrderLikeiOS\ReOrderLikeiOS.Android\SfListViewSample.Android.csproj", "{BC90B44F-B6BA-4C11-A0E5-F764F17B979C}"
EndProject
Project("{FAE04EC0-301F-11D3-BF4B-00C04F79EFBC}") = "SfListViewSample.iOS", "ReOrderLikeiOS\ReOrderLikeiOS.iOS\SfListViewSample.iOS.csproj", "{3B496938-DFA7-4FC7-83A3-61E3D8F55912}"
EndProject
Project("{FAE04EC0-301F-11D3-BF4B-00C04F79EFBC}") = "SfListViewSample.UWP", "ReOrderLikeiOS\ReOrderLikeiOS.UWP\SfListViewSample.UWP.csproj", "{185659EE-171A-4435-B90E-45C061CD2A72}"
EndProject
Project("{FAE04EC0-301F-11D3-BF4B-00C04F79EFBC}") = "SfListViewSample", "ReOrderLikeiOS\ReOrderLikeiOS\SfListViewSample.csproj", "{41129301-FE09-488F-9EB3-013D49EF6DB2}"
EndProject
Global
	GlobalSection(SolutionConfigurationPlatforms) = preSolution
		Ad-Hoc|Any CPU = Ad-Hoc|Any CPU
		Ad-Hoc|ARM = Ad-Hoc|ARM
		Ad-Hoc|iPhone = Ad-Hoc|iPhone
		Ad-Hoc|iPhoneSimulator = Ad-Hoc|iPhoneSimulator
		Ad-Hoc|x64 = Ad-Hoc|x64
		Ad-Hoc|x86 = Ad-Hoc|x86
		AppStore|Any CPU = AppStore|Any CPU
		AppStore|ARM = AppStore|ARM
		AppStore|iPhone = AppStore|iPhone
		AppStore|iPhoneSimulator = AppStore|iPhoneSimulator
		AppStore|x64 = AppStore|x64
		AppStore|x86 = AppStore|x86
		Debug|Any CPU = Debug|Any CPU
		Debug|ARM = Debug|ARM
		Debug|iPhone = Debug|iPhone
		Debug|iPhoneSimulator = Debug|iPhoneSimulator
		Debug|x64 = Debug|x64
		Debug|x86 = Debug|x86
		Release|Any CPU = Release|Any CPU
		Release|ARM = Release|ARM
		Release|iPhone = Release|iPhone
		Release|iPhoneSimulator = Release|iPhoneSimulator
		Release|x64 = Release|x64
		Release|x86 = Release|x86
	EndGlobalSection
	GlobalSection(ProjectConfigurationPlatforms) = postSolution
		{BC90B44F-B6BA-4C11-A0E5-F764F17B979C}.Ad-Hoc|Any CPU.ActiveCfg = Release|Any CPU
		{BC90B44F-B6BA-4C11-A0E5-F764F17B979C}.Ad-Hoc|Any CPU.Build.0 = Release|Any CPU
		{BC90B44F-B6BA-4C11-A0E5-F764F17B979C}.Ad-Hoc|Any CPU.Deploy.0 = Release|Any CPU
		{BC90B44F-B6BA-4C11-A0E5-F764F17B979C}.Ad-Hoc|ARM.ActiveCfg = Release|Any CPU
		{BC90B44F-B6BA-4C11-A0E5-F764F17B979C}.Ad-Hoc|ARM.Build.0 = Release|Any CPU
		{BC90B44F-B6BA-4C11-A0E5-F764F17B979C}.Ad-Hoc|ARM.Deploy.0 = Release|Any CPU
		{BC90B44F-B6BA-4C11-A0E5-F764F17B979C}.Ad-Hoc|iPhone.ActiveCfg = Release|Any CPU
		{BC90B44F-B6BA-4C11-A0E5-F764F17B979C}.Ad-Hoc|iPhone.Build.0 = Release|Any CPU
		{BC90B44F-B6BA-4C11-A0E5-F764F17B979C}.Ad-Hoc|iPhone.Deploy.0 = Release|Any CPU
		{BC90B44F-B6BA-4C11-A0E5-F764F17B979C}.Ad-Hoc|iPhoneSimulator.ActiveCfg = Release|Any CPU
		{BC90B44F-B6BA-4C11-A0E5-F764F17B979C}.Ad-Hoc|iPhoneSimulator.Build.0 = Release|Any CPU
		{BC90B44F-B6BA-4C11-A0E5-F764F17B979C}.Ad-Hoc|iPhoneSimulator.Deploy.0 = Release|Any CPU
		{BC90B44F-B6BA-4C11-A0E5-F764F17B979C}.Ad-Hoc|x64.ActiveCfg = Release|Any CPU
		{BC90B44F-B6BA-4C11-A0E5-F764F17B979C}.Ad-Hoc|x64.Build.0 = Release|Any CPU
		{BC90B44F-B6BA-4C11-A0E5-F764F17B979C}.Ad-Hoc|x64.Deploy.0 = Release|Any CPU
		{BC90B44F-B6BA-4C11-A0E5-F764F17B979C}.Ad-Hoc|x86.ActiveCfg = Release|Any CPU
		{BC90B44F-B6BA-4C11-A0E5-F764F17B979C}.Ad-Hoc|x86.Build.0 = Release|Any CPU
		{BC90B44F-B6BA-4C11-A0E5-F764F17B979C}.Ad-Hoc|x86.Deploy.0 = Release|Any CPU
		{BC90B44F-B6BA-4C11-A0E5-F764F17B979C}.AppStore|Any CPU.ActiveCfg = Release|Any CPU
		{BC90B44F-B6BA-4C11-A0E5-F764F17B979C}.AppStore|Any CPU.Build.0 = Release|Any CPU
		{BC90B44F-B6BA-4C11-A0E5-F764F17B979C}.AppStore|Any CPU.Deploy.0 = Release|Any CPU
		{BC90B44F-B6BA-4C11-A0E5-F764F17B979C}.AppStore|ARM.ActiveCfg = Release|Any CPU
		{BC90B44F-B6BA-4C11-A0E5-F764F17B979C}.AppStore|ARM.Build.0 = Release|Any CPU
		{BC90B44F-B6BA-4C11-A0E5-F764F17B979C}.AppStore|ARM.Deploy.0 = Release|Any CPU
		{BC90B44F-B6BA-4C11-A0E5-F764F17B979C}.AppStore|iPhone.ActiveCfg = Release|Any CPU
		{BC90B44F-B6BA-4C11-A0E5-F764F17B979C}.AppStore|iPhone.Build.0 = Release|Any CPU
		{BC90B44F-B6BA-4C11-A0E5-F764F17B979C}.AppStore|iPhone.Deploy.0 = Release|Any CPU
		{BC90B44F-B6BA-4C11-A0E5-F764F17B979C}.AppStore|iPhoneSimulator.ActiveCfg = Release|Any CPU
		{BC90B44F-B6BA-4C11-A0E5-F764F17B979C}.AppStore|iPhoneSimulator.Build.0 = Release|Any CPU
		{BC90B44F-B6BA-4C11-A0E5-F764F17B979C}.AppStore|iPhoneSimulator.Deploy.0 = Release|Any CPU
		{BC90B44F-B6BA-4C11-A0E5-F764F17B979C}.AppStore|x64.ActiveCfg = Release|Any CPU
		{BC90B44F-B6BA-4C11-A0E5-F764F17B979C}.AppStore|x64.Build.0 = Release|Any CPU
		{BC90B44F-B6BA-4C11-A0E5-F764F17B979C}.AppStore|x64.Deploy.0 = Release|Any CPU
		{BC90B44F-B6BA-4C11-A0E5-F764F17B979C}.AppStore|x86.ActiveCfg = Release|Any CPU
		{BC90B44F-B6BA-4C11-A0E5-F764F17B979C}.AppStore|x86.Build.0 = Release|Any CPU
		{BC90B44F-B6BA-4C11-A0E5-F764F17B979C}.AppStore|x86.Deploy.0 = Release|Any CPU
		{BC90B44F-B6BA-4C11-A0E5-F764F17B979C}.Debug|Any CPU.ActiveCfg = Debug|Any CPU
		{BC90B44F-B6BA-4C11-A0E5-F764F17B979C}.Debug|Any CPU.Build.0 = Debug|Any CPU
		{BC90B44F-B6BA-4C11-A0E5-F764F17B979C}.Debug|Any CPU.Deploy.0 = Debug|Any CPU
		{BC90B44F-B6BA-4C11-A0E5-F764F17B979C}.Debug|ARM.ActiveCfg = Debug|Any CPU
		{BC90B44F-B6BA-4C11-A0E5-F764F17B979C}.Debug|ARM.Build.0 = Debug|Any CPU
		{BC90B44F-B6BA-4C11-A0E5-F764F17B979C}.Debug|ARM.Deploy.0 = Debug|Any CPU
		{BC90B44F-B6BA-4C11-A0E5-F764F17B979C}.Debug|iPhone.ActiveCfg = Debug|Any CPU
		{BC90B44F-B6BA-4C11-A0E5-F764F17B979C}.Debug|iPhone.Build.0 = Debug|Any CPU
		{BC90B44F-B6BA-4C11-A0E5-F764F17B979C}.Debug|iPhone.Deploy.0 = Debug|Any CPU
		{BC90B44F-B6BA-4C11-A0E5-F764F17B979C}.Debug|iPhoneSimulator.ActiveCfg = Debug|Any CPU
		{BC90B44F-B6BA-4C11-A0E5-F764F17B979C}.Debug|iPhoneSimulator.Build.0 = Debug|Any CPU
		{BC90B44F-B6BA-4C11-A0E5-F764F17B979C}.Debug|iPhoneSimulator.Deploy.0 = Debug|Any CPU
		{BC90B44F-B6BA-4C11-A0E5-F764F17B979C}.Debug|x64.ActiveCfg = Debug|Any CPU
		{BC90B44F-B6BA-4C11-A0E5-F764F17B979C}.Debug|x64.Build.0 = Debug|Any CPU
		{BC90B44F-B6BA-4C11-A0E5-F764F17B979C}.Debug|x64.Deploy.0 = Debug|Any CPU
		{BC90B44F-B6BA-4C11-A0E5-F764F17B979C}.Debug|x86.ActiveCfg = Debug|Any CPU
		{BC90B44F-B6BA-4C11-A0E5-F764F17B979C}.Debug|x86.Build.0 = Debug|Any CPU
		{BC90B44F-B6BA-4C11-A0E5-F764F17B979C}.Debug|x86.Deploy.0 = Debug|Any CPU
		{BC90B44F-B6BA-4C11-A0E5-F764F17B979C}.Release|Any CPU.ActiveCfg = Release|Any CPU
		{BC90B44F-B6BA-4C11-A0E5-F764F17B979C}.Release|Any CPU.Build.0 = Release|Any CPU
		{BC90B44F-B6BA-4C11-A0E5-F764F17B979C}.Release|Any CPU.Deploy.0 = Release|Any CPU
		{BC90B44F-B6BA-4C11-A0E5-F764F17B979C}.Release|ARM.ActiveCfg = Release|Any CPU
		{BC90B44F-B6BA-4C11-A0E5-F764F17B979C}.Release|ARM.Build.0 = Release|Any CPU
		{BC90B44F-B6BA-4C11-A0E5-F764F17B979C}.Release|ARM.Deploy.0 = Release|Any CPU
		{BC90B44F-B6BA-4C11-A0E5-F764F17B979C}.Release|iPhone.ActiveCfg = Release|Any CPU
		{BC90B44F-B6BA-4C11-A0E5-F764F17B979C}.Release|iPhone.Build.0 = Release|Any CPU
		{BC90B44F-B6BA-4C11-A0E5-F764F17B979C}.Release|iPhone.Deploy.0 = Release|Any CPU
		{BC90B44F-B6BA-4C11-A0E5-F764F17B979C}.Release|iPhoneSimulator.ActiveCfg = Release|Any CPU
		{BC90B44F-B6BA-4C11-A0E5-F764F17B979C}.Release|iPhoneSimulator.Build.0 = Release|Any CPU
		{BC90B44F-B6BA-4C11-A0E5-F764F17B979C}.Release|iPhoneSimulator.Deploy.0 = Release|Any CPU
		{BC90B44F-B6BA-4C11-A0E5-F764F17B979C}.Release|x64.ActiveCfg = Release|Any CPU
		{BC90B44F-B6BA-4C11-A0E5-F764F17B979C}.Release|x64.Build.0 = Release|Any CPU
		{BC90B44F-B6BA-4C11-A0E5-F764F17B979C}.Release|x64.Deploy.0 = Release|Any CPU
		{BC90B44F-B6BA-4C11-A0E5-F764F17B979C}.Release|x86.ActiveCfg = Release|Any CPU
		{BC90B44F-B6BA-4C11-A0E5-F764F17B979C}.Release|x86.Build.0 = Release|Any CPU
		{BC90B44F-B6BA-4C11-A0E5-F764F17B979C}.Release|x86.Deploy.0 = Release|Any CPU
		{3B496938-DFA7-4FC7-83A3-61E3D8F55912}.Ad-Hoc|Any CPU.ActiveCfg = Ad-Hoc|iPhone
		{3B496938-DFA7-4FC7-83A3-61E3D8F55912}.Ad-Hoc|Any CPU.Build.0 = Ad-Hoc|iPhone
		{3B496938-DFA7-4FC7-83A3-61E3D8F55912}.Ad-Hoc|Any CPU.Deploy.0 = Ad-Hoc|iPhone
		{3B496938-DFA7-4FC7-83A3-61E3D8F55912}.Ad-Hoc|ARM.ActiveCfg = Ad-Hoc|iPhone
		{3B496938-DFA7-4FC7-83A3-61E3D8F55912}.Ad-Hoc|ARM.Build.0 = Ad-Hoc|iPhone
		{3B496938-DFA7-4FC7-83A3-61E3D8F55912}.Ad-Hoc|ARM.Deploy.0 = Ad-Hoc|iPhone
		{3B496938-DFA7-4FC7-83A3-61E3D8F55912}.Ad-Hoc|iPhone.ActiveCfg = Ad-Hoc|iPhone
		{3B496938-DFA7-4FC7-83A3-61E3D8F55912}.Ad-Hoc|iPhone.Build.0 = Ad-Hoc|iPhone
		{3B496938-DFA7-4FC7-83A3-61E3D8F55912}.Ad-Hoc|iPhone.Deploy.0 = Ad-Hoc|iPhone
		{3B496938-DFA7-4FC7-83A3-61E3D8F55912}.Ad-Hoc|iPhoneSimulator.ActiveCfg = Ad-Hoc|iPhoneSimulator
		{3B496938-DFA7-4FC7-83A3-61E3D8F55912}.Ad-Hoc|iPhoneSimulator.Build.0 = Ad-Hoc|iPhoneSimulator
		{3B496938-DFA7-4FC7-83A3-61E3D8F55912}.Ad-Hoc|iPhoneSimulator.Deploy.0 = Ad-Hoc|iPhoneSimulator
		{3B496938-DFA7-4FC7-83A3-61E3D8F55912}.Ad-Hoc|x64.ActiveCfg = Ad-Hoc|iPhone
		{3B496938-DFA7-4FC7-83A3-61E3D8F55912}.Ad-Hoc|x64.Build.0 = Ad-Hoc|iPhone
		{3B496938-DFA7-4FC7-83A3-61E3D8F55912}.Ad-Hoc|x64.Deploy.0 = Ad-Hoc|iPhone
		{3B496938-DFA7-4FC7-83A3-61E3D8F55912}.Ad-Hoc|x86.ActiveCfg = Ad-Hoc|iPhone
		{3B496938-DFA7-4FC7-83A3-61E3D8F55912}.Ad-Hoc|x86.Build.0 = Ad-Hoc|iPhone
		{3B496938-DFA7-4FC7-83A3-61E3D8F55912}.Ad-Hoc|x86.Deploy.0 = Ad-Hoc|iPhone
		{3B496938-DFA7-4FC7-83A3-61E3D8F55912}.AppStore|Any CPU.ActiveCfg = AppStore|iPhone
		{3B496938-DFA7-4FC7-83A3-61E3D8F55912}.AppStore|Any CPU.Build.0 = AppStore|iPhone
		{3B496938-DFA7-4FC7-83A3-61E3D8F55912}.AppStore|Any CPU.Deploy.0 = AppStore|iPhone
		{3B496938-DFA7-4FC7-83A3-61E3D8F55912}.AppStore|ARM.ActiveCfg = AppStore|iPhone
		{3B496938-DFA7-4FC7-83A3-61E3D8F55912}.AppStore|ARM.Build.0 = AppStore|iPhone
		{3B496938-DFA7-4FC7-83A3-61E3D8F55912}.AppStore|ARM.Deploy.0 = AppStore|iPhone
		{3B496938-DFA7-4FC7-83A3-61E3D8F55912}.AppStore|iPhone.ActiveCfg = AppStore|iPhone
		{3B496938-DFA7-4FC7-83A3-61E3D8F55912}.AppStore|iPhone.Build.0 = AppStore|iPhone
		{3B496938-DFA7-4FC7-83A3-61E3D8F55912}.AppStore|iPhone.Deploy.0 = AppStore|iPhone
		{3B496938-DFA7-4FC7-83A3-61E3D8F55912}.AppStore|iPhoneSimulator.ActiveCfg = AppStore|iPhoneSimulator
		{3B496938-DFA7-4FC7-83A3-61E3D8F55912}.AppStore|iPhoneSimulator.Build.0 = AppStore|iPhoneSimulator
		{3B496938-DFA7-4FC7-83A3-61E3D8F55912}.AppStore|iPhoneSimulator.Deploy.0 = AppStore|iPhoneSimulator
		{3B496938-DFA7-4FC7-83A3-61E3D8F55912}.AppStore|x64.ActiveCfg = AppStore|iPhone
		{3B496938-DFA7-4FC7-83A3-61E3D8F55912}.AppStore|x64.Build.0 = AppStore|iPhone
		{3B496938-DFA7-4FC7-83A3-61E3D8F55912}.AppStore|x64.Deploy.0 = AppStore|iPhone
		{3B496938-DFA7-4FC7-83A3-61E3D8F55912}.AppStore|x86.ActiveCfg = AppStore|iPhone
		{3B496938-DFA7-4FC7-83A3-61E3D8F55912}.AppStore|x86.Build.0 = AppStore|iPhone
		{3B496938-DFA7-4FC7-83A3-61E3D8F55912}.AppStore|x86.Deploy.0 = AppStore|iPhone
		{3B496938-DFA7-4FC7-83A3-61E3D8F55912}.Debug|Any CPU.ActiveCfg = Debug|iPhoneSimulator
		{3B496938-DFA7-4FC7-83A3-61E3D8F55912}.Debug|Any CPU.Build.0 = Debug|iPhoneSimulator
		{3B496938-DFA7-4FC7-83A3-61E3D8F55912}.Debug|Any CPU.Deploy.0 = Debug|iPhoneSimulator
		{3B496938-DFA7-4FC7-83A3-61E3D8F55912}.Debug|ARM.ActiveCfg = Debug|iPhone
		{3B496938-DFA7-4FC7-83A3-61E3D8F55912}.Debug|ARM.Build.0 = Debug|iPhone
		{3B496938-DFA7-4FC7-83A3-61E3D8F55912}.Debug|ARM.Deploy.0 = Debug|iPhone
		{3B496938-DFA7-4FC7-83A3-61E3D8F55912}.Debug|iPhone.ActiveCfg = Debug|iPhone
		{3B496938-DFA7-4FC7-83A3-61E3D8F55912}.Debug|iPhone.Build.0 = Debug|iPhone
		{3B496938-DFA7-4FC7-83A3-61E3D8F55912}.Debug|iPhone.Deploy.0 = Debug|iPhone
		{3B496938-DFA7-4FC7-83A3-61E3D8F55912}.Debug|iPhoneSimulator.ActiveCfg = Debug|iPhoneSimulator
		{3B496938-DFA7-4FC7-83A3-61E3D8F55912}.Debug|iPhoneSimulator.Build.0 = Debug|iPhoneSimulator
		{3B496938-DFA7-4FC7-83A3-61E3D8F55912}.Debug|iPhoneSimulator.Deploy.0 = Debug|iPhoneSimulator
		{3B496938-DFA7-4FC7-83A3-61E3D8F55912}.Debug|x64.ActiveCfg = Debug|iPhone
		{3B496938-DFA7-4FC7-83A3-61E3D8F55912}.Debug|x64.Build.0 = Debug|iPhone
		{3B496938-DFA7-4FC7-83A3-61E3D8F55912}.Debug|x64.Deploy.0 = Debug|iPhone
		{3B496938-DFA7-4FC7-83A3-61E3D8F55912}.Debug|x86.ActiveCfg = Debug|iPhone
		{3B496938-DFA7-4FC7-83A3-61E3D8F55912}.Debug|x86.Build.0 = Debug|iPhone
		{3B496938-DFA7-4FC7-83A3-61E3D8F55912}.Debug|x86.Deploy.0 = Debug|iPhone
		{3B496938-DFA7-4FC7-83A3-61E3D8F55912}.Release|Any CPU.ActiveCfg = Release|iPhone
		{3B496938-DFA7-4FC7-83A3-61E3D8F55912}.Release|Any CPU.Build.0 = Release|iPhone
		{3B496938-DFA7-4FC7-83A3-61E3D8F55912}.Release|Any CPU.Deploy.0 = Release|iPhone
		{3B496938-DFA7-4FC7-83A3-61E3D8F55912}.Release|ARM.ActiveCfg = Release|iPhone
		{3B496938-DFA7-4FC7-83A3-61E3D8F55912}.Release|ARM.Build.0 = Release|iPhone
		{3B496938-DFA7-4FC7-83A3-61E3D8F55912}.Release|ARM.Deploy.0 = Release|iPhone
		{3B496938-DFA7-4FC7-83A3-61E3D8F55912}.Release|iPhone.ActiveCfg = Release|iPhone
		{3B496938-DFA7-4FC7-83A3-61E3D8F55912}.Release|iPhone.Build.0 = Release|iPhone
		{3B496938-DFA7-4FC7-83A3-61E3D8F55912}.Release|iPhone.Deploy.0 = Release|iPhone
		{3B496938-DFA7-4FC7-83A3-61E3D8F55912}.Release|iPhoneSimulator.ActiveCfg = Release|iPhoneSimulator
		{3B496938-DFA7-4FC7-83A3-61E3D8F55912}.Release|iPhoneSimulator.Build.0 = Release|iPhoneSimulator
		{3B496938-DFA7-4FC7-83A3-61E3D8F55912}.Release|iPhoneSimulator.Deploy.0 = Release|iPhoneSimulator
		{3B496938-DFA7-4FC7-83A3-61E3D8F55912}.Release|x64.ActiveCfg = Release|iPhone
		{3B496938-DFA7-4FC7-83A3-61E3D8F55912}.Release|x64.Build.0 = Release|iPhone
		{3B496938-DFA7-4FC7-83A3-61E3D8F55912}.Release|x64.Deploy.0 = Release|iPhone
		{3B496938-DFA7-4FC7-83A3-61E3D8F55912}.Release|x86.ActiveCfg = Release|iPhone
		{3B496938-DFA7-4FC7-83A3-61E3D8F55912}.Release|x86.Build.0 = Release|iPhone
		{3B496938-DFA7-4FC7-83A3-61E3D8F55912}.Release|x86.Deploy.0 = Release|iPhone
		{185659EE-171A-4435-B90E-45C061CD2A72}.Ad-Hoc|Any CPU.ActiveCfg = Release|x86
		{185659EE-171A-4435-B90E-45C061CD2A72}.Ad-Hoc|Any CPU.Build.0 = Release|x86
		{185659EE-171A-4435-B90E-45C061CD2A72}.Ad-Hoc|Any CPU.Deploy.0 = Release|x86
		{185659EE-171A-4435-B90E-45C061CD2A72}.Ad-Hoc|ARM.ActiveCfg = Release|ARM
		{185659EE-171A-4435-B90E-45C061CD2A72}.Ad-Hoc|ARM.Build.0 = Release|ARM
		{185659EE-171A-4435-B90E-45C061CD2A72}.Ad-Hoc|ARM.Deploy.0 = Release|ARM
		{185659EE-171A-4435-B90E-45C061CD2A72}.Ad-Hoc|iPhone.ActiveCfg = Release|x86
		{185659EE-171A-4435-B90E-45C061CD2A72}.Ad-Hoc|iPhone.Build.0 = Release|x86
		{185659EE-171A-4435-B90E-45C061CD2A72}.Ad-Hoc|iPhone.Deploy.0 = Release|x86
		{185659EE-171A-4435-B90E-45C061CD2A72}.Ad-Hoc|iPhoneSimulator.ActiveCfg = Release|x86
		{185659EE-171A-4435-B90E-45C061CD2A72}.Ad-Hoc|iPhoneSimulator.Build.0 = Release|x86
		{185659EE-171A-4435-B90E-45C061CD2A72}.Ad-Hoc|iPhoneSimulator.Deploy.0 = Release|x86
		{185659EE-171A-4435-B90E-45C061CD2A72}.Ad-Hoc|x64.ActiveCfg = Release|x64
		{185659EE-171A-4435-B90E-45C061CD2A72}.Ad-Hoc|x64.Build.0 = Release|x64
		{185659EE-171A-4435-B90E-45C061CD2A72}.Ad-Hoc|x64.Deploy.0 = Release|x64
		{185659EE-171A-4435-B90E-45C061CD2A72}.Ad-Hoc|x86.ActiveCfg = Release|x86
		{185659EE-171A-4435-B90E-45C061CD2A72}.Ad-Hoc|x86.Build.0 = Release|x86
		{185659EE-171A-4435-B90E-45C061CD2A72}.Ad-Hoc|x86.Deploy.0 = Release|x86
		{185659EE-171A-4435-B90E-45C061CD2A72}.AppStore|Any CPU.ActiveCfg = Release|x86
		{185659EE-171A-4435-B90E-45C061CD2A72}.AppStore|Any CPU.Build.0 = Release|x86
		{185659EE-171A-4435-B90E-45C061CD2A72}.AppStore|Any CPU.Deploy.0 = Release|x86
		{185659EE-171A-4435-B90E-45C061CD2A72}.AppStore|ARM.ActiveCfg = Release|ARM
		{185659EE-171A-4435-B90E-45C061CD2A72}.AppStore|ARM.Build.0 = Release|ARM
		{185659EE-171A-4435-B90E-45C061CD2A72}.AppStore|ARM.Deploy.0 = Release|ARM
		{185659EE-171A-4435-B90E-45C061CD2A72}.AppStore|iPhone.ActiveCfg = Release|x86
		{185659EE-171A-4435-B90E-45C061CD2A72}.AppStore|iPhone.Build.0 = Release|x86
		{185659EE-171A-4435-B90E-45C061CD2A72}.AppStore|iPhone.Deploy.0 = Release|x86
		{185659EE-171A-4435-B90E-45C061CD2A72}.AppStore|iPhoneSimulator.ActiveCfg = Release|x86
		{185659EE-171A-4435-B90E-45C061CD2A72}.AppStore|iPhoneSimulator.Build.0 = Release|x86
		{185659EE-171A-4435-B90E-45C061CD2A72}.AppStore|iPhoneSimulator.Deploy.0 = Release|x86
		{185659EE-171A-4435-B90E-45C061CD2A72}.AppStore|x64.ActiveCfg = Release|x64
		{185659EE-171A-4435-B90E-45C061CD2A72}.AppStore|x64.Build.0 = Release|x64
		{185659EE-171A-4435-B90E-45C061CD2A72}.AppStore|x64.Deploy.0 = Release|x64
		{185659EE-171A-4435-B90E-45C061CD2A72}.AppStore|x86.ActiveCfg = Release|x86
		{185659EE-171A-4435-B90E-45C061CD2A72}.AppStore|x86.Build.0 = Release|x86
		{185659EE-171A-4435-B90E-45C061CD2A72}.AppStore|x86.Deploy.0 = Release|x86
		{185659EE-171A-4435-B90E-45C061CD2A72}.Debug|Any CPU.ActiveCfg = Debug|x86
		{185659EE-171A-4435-B90E-45C061CD2A72}.Debug|Any CPU.Build.0 = Debug|x86
		{185659EE-171A-4435-B90E-45C061CD2A72}.Debug|Any CPU.Deploy.0 = Debug|x86
		{185659EE-171A-4435-B90E-45C061CD2A72}.Debug|ARM.ActiveCfg = Debug|ARM
		{185659EE-171A-4435-B90E-45C061CD2A72}.Debug|ARM.Build.0 = Debug|ARM
		{185659EE-171A-4435-B90E-45C061CD2A72}.Debug|ARM.Deploy.0 = Debug|ARM
		{185659EE-171A-4435-B90E-45C061CD2A72}.Debug|iPhone.ActiveCfg = Debug|x86
		{185659EE-171A-4435-B90E-45C061CD2A72}.Debug|iPhone.Build.0 = Debug|x86
		{185659EE-171A-4435-B90E-45C061CD2A72}.Debug|iPhone.Deploy.0 = Debug|x86
		{185659EE-171A-4435-B90E-45C061CD2A72}.Debug|iPhoneSimulator.ActiveCfg = Debug|x86
		{185659EE-171A-4435-B90E-45C061CD2A72}.Debug|iPhoneSimulator.Build.0 = Debug|x86
		{185659EE-171A-4435-B90E-45C061CD2A72}.Debug|iPhoneSimulator.Deploy.0 = Debug|x86
		{185659EE-171A-4435-B90E-45C061CD2A72}.Debug|x64.ActiveCfg = Debug|x64
		{185659EE-171A-4435-B90E-45C061CD2A72}.Debug|x64.Build.0 = Debug|x64
		{185659EE-171A-4435-B90E-45C061CD2A72}.Debug|x64.Deploy.0 = Debug|x64
		{185659EE-171A-4435-B90E-45C061CD2A72}.Debug|x86.ActiveCfg = Debug|x86
		{185659EE-171A-4435-B90E-45C061CD2A72}.Debug|x86.Build.0 = Debug|x86
		{185659EE-171A-4435-B90E-45C061CD2A72}.Debug|x86.Deploy.0 = Debug|x86
		{185659EE-171A-4435-B90E-45C061CD2A72}.Release|Any CPU.ActiveCfg = Release|x86
		{185659EE-171A-4435-B90E-45C061CD2A72}.Release|Any CPU.Build.0 = Release|x86
		{185659EE-171A-4435-B90E-45C061CD2A72}.Release|Any CPU.Deploy.0 = Release|x86
		{185659EE-171A-4435-B90E-45C061CD2A72}.Release|ARM.ActiveCfg = Release|ARM
		{185659EE-171A-4435-B90E-45C061CD2A72}.Release|ARM.Build.0 = Release|ARM
		{185659EE-171A-4435-B90E-45C061CD2A72}.Release|ARM.Deploy.0 = Release|ARM
		{185659EE-171A-4435-B90E-45C061CD2A72}.Release|iPhone.ActiveCfg = Release|x86
		{185659EE-171A-4435-B90E-45C061CD2A72}.Release|iPhone.Build.0 = Release|x86
		{185659EE-171A-4435-B90E-45C061CD2A72}.Release|iPhone.Deploy.0 = Release|x86
		{185659EE-171A-4435-B90E-45C061CD2A72}.Release|iPhoneSimulator.ActiveCfg = Release|x86
		{185659EE-171A-4435-B90E-45C061CD2A72}.Release|iPhoneSimulator.Build.0 = Release|x86
		{185659EE-171A-4435-B90E-45C061CD2A72}.Release|iPhoneSimulator.Deploy.0 = Release|x86
		{185659EE-171A-4435-B90E-45C061CD2A72}.Release|x64.ActiveCfg = Release|x64
		{185659EE-171A-4435-B90E-45C061CD2A72}.Release|x64.Build.0 = Release|x64
		{185659EE-171A-4435-B90E-45C061CD2A72}.Release|x64.Deploy.0 = Release|x64
		{185659EE-171A-4435-B90E-45C061CD2A72}.Release|x86.ActiveCfg = Release|x86
		{185659EE-171A-4435-B90E-45C061CD2A72}.Release|x86.Build.0 = Release|x86
		{185659EE-171A-4435-B90E-45C061CD2A72}.Release|x86.Deploy.0 = Release|x86
		{41129301-FE09-488F-9EB3-013D49EF6DB2}.Ad-Hoc|Any CPU.ActiveCfg = Debug|Any CPU
		{41129301-FE09-488F-9EB3-013D49EF6DB2}.Ad-Hoc|Any CPU.Build.0 = Debug|Any CPU
		{41129301-FE09-488F-9EB3-013D49EF6DB2}.Ad-Hoc|Any CPU.Deploy.0 = Debug|Any CPU
		{41129301-FE09-488F-9EB3-013D49EF6DB2}.Ad-Hoc|ARM.ActiveCfg = Debug|Any CPU
		{41129301-FE09-488F-9EB3-013D49EF6DB2}.Ad-Hoc|ARM.Build.0 = Debug|Any CPU
		{41129301-FE09-488F-9EB3-013D49EF6DB2}.Ad-Hoc|ARM.Deploy.0 = Debug|Any CPU
		{41129301-FE09-488F-9EB3-013D49EF6DB2}.Ad-Hoc|iPhone.ActiveCfg = Debug|Any CPU
		{41129301-FE09-488F-9EB3-013D49EF6DB2}.Ad-Hoc|iPhone.Build.0 = Debug|Any CPU
		{41129301-FE09-488F-9EB3-013D49EF6DB2}.Ad-Hoc|iPhone.Deploy.0 = Debug|Any CPU
		{41129301-FE09-488F-9EB3-013D49EF6DB2}.Ad-Hoc|iPhoneSimulator.ActiveCfg = Debug|Any CPU
		{41129301-FE09-488F-9EB3-013D49EF6DB2}.Ad-Hoc|iPhoneSimulator.Build.0 = Debug|Any CPU
		{41129301-FE09-488F-9EB3-013D49EF6DB2}.Ad-Hoc|iPhoneSimulator.Deploy.0 = Debug|Any CPU
		{41129301-FE09-488F-9EB3-013D49EF6DB2}.Ad-Hoc|x64.ActiveCfg = Debug|Any CPU
		{41129301-FE09-488F-9EB3-013D49EF6DB2}.Ad-Hoc|x64.Build.0 = Debug|Any CPU
		{41129301-FE09-488F-9EB3-013D49EF6DB2}.Ad-Hoc|x64.Deploy.0 = Debug|Any CPU
		{41129301-FE09-488F-9EB3-013D49EF6DB2}.Ad-Hoc|x86.ActiveCfg = Debug|Any CPU
		{41129301-FE09-488F-9EB3-013D49EF6DB2}.Ad-Hoc|x86.Build.0 = Debug|Any CPU
		{41129301-FE09-488F-9EB3-013D49EF6DB2}.Ad-Hoc|x86.Deploy.0 = Debug|Any CPU
		{41129301-FE09-488F-9EB3-013D49EF6DB2}.AppStore|Any CPU.ActiveCfg = Debug|Any CPU
		{41129301-FE09-488F-9EB3-013D49EF6DB2}.AppStore|Any CPU.Build.0 = Debug|Any CPU
		{41129301-FE09-488F-9EB3-013D49EF6DB2}.AppStore|Any CPU.Deploy.0 = Debug|Any CPU
		{41129301-FE09-488F-9EB3-013D49EF6DB2}.AppStore|ARM.ActiveCfg = Debug|Any CPU
		{41129301-FE09-488F-9EB3-013D49EF6DB2}.AppStore|ARM.Build.0 = Debug|Any CPU
		{41129301-FE09-488F-9EB3-013D49EF6DB2}.AppStore|ARM.Deploy.0 = Debug|Any CPU
		{41129301-FE09-488F-9EB3-013D49EF6DB2}.AppStore|iPhone.ActiveCfg = Debug|Any CPU
		{41129301-FE09-488F-9EB3-013D49EF6DB2}.AppStore|iPhone.Build.0 = Debug|Any CPU
		{41129301-FE09-488F-9EB3-013D49EF6DB2}.AppStore|iPhone.Deploy.0 = Debug|Any CPU
		{41129301-FE09-488F-9EB3-013D49EF6DB2}.AppStore|iPhoneSimulator.ActiveCfg = Debug|Any CPU
		{41129301-FE09-488F-9EB3-013D49EF6DB2}.AppStore|iPhoneSimulator.Build.0 = Debug|Any CPU
		{41129301-FE09-488F-9EB3-013D49EF6DB2}.AppStore|iPhoneSimulator.Deploy.0 = Debug|Any CPU
		{41129301-FE09-488F-9EB3-013D49EF6DB2}.AppStore|x64.ActiveCfg = Debug|Any CPU
		{41129301-FE09-488F-9EB3-013D49EF6DB2}.AppStore|x64.Build.0 = Debug|Any CPU
		{41129301-FE09-488F-9EB3-013D49EF6DB2}.AppStore|x64.Deploy.0 = Debug|Any CPU
		{41129301-FE09-488F-9EB3-013D49EF6DB2}.AppStore|x86.ActiveCfg = Debug|Any CPU
		{41129301-FE09-488F-9EB3-013D49EF6DB2}.AppStore|x86.Build.0 = Debug|Any CPU
		{41129301-FE09-488F-9EB3-013D49EF6DB2}.AppStore|x86.Deploy.0 = Debug|Any CPU
		{41129301-FE09-488F-9EB3-013D49EF6DB2}.Debug|Any CPU.ActiveCfg = Debug|Any CPU
		{41129301-FE09-488F-9EB3-013D49EF6DB2}.Debug|Any CPU.Build.0 = Debug|Any CPU
		{41129301-FE09-488F-9EB3-013D49EF6DB2}.Debug|Any CPU.Deploy.0 = Debug|Any CPU
		{41129301-FE09-488F-9EB3-013D49EF6DB2}.Debug|ARM.ActiveCfg = Debug|Any CPU
		{41129301-FE09-488F-9EB3-013D49EF6DB2}.Debug|ARM.Build.0 = Debug|Any CPU
		{41129301-FE09-488F-9EB3-013D49EF6DB2}.Debug|ARM.Deploy.0 = Debug|Any CPU
		{41129301-FE09-488F-9EB3-013D49EF6DB2}.Debug|iPhone.ActiveCfg = Debug|Any CPU
		{41129301-FE09-488F-9EB3-013D49EF6DB2}.Debug|iPhone.Build.0 = Debug|Any CPU
		{41129301-FE09-488F-9EB3-013D49EF6DB2}.Debug|iPhone.Deploy.0 = Debug|Any CPU
		{41129301-FE09-488F-9EB3-013D49EF6DB2}.Debug|iPhoneSimulator.ActiveCfg = Debug|Any CPU
		{41129301-FE09-488F-9EB3-013D49EF6DB2}.Debug|iPhoneSimulator.Build.0 = Debug|Any CPU
		{41129301-FE09-488F-9EB3-013D49EF6DB2}.Debug|iPhoneSimulator.Deploy.0 = Debug|Any CPU
		{41129301-FE09-488F-9EB3-013D49EF6DB2}.Debug|x64.ActiveCfg = Debug|Any CPU
		{41129301-FE09-488F-9EB3-013D49EF6DB2}.Debug|x64.Build.0 = Debug|Any CPU
		{41129301-FE09-488F-9EB3-013D49EF6DB2}.Debug|x64.Deploy.0 = Debug|Any CPU
		{41129301-FE09-488F-9EB3-013D49EF6DB2}.Debug|x86.ActiveCfg = Debug|Any CPU
		{41129301-FE09-488F-9EB3-013D49EF6DB2}.Debug|x86.Build.0 = Debug|Any CPU
		{41129301-FE09-488F-9EB3-013D49EF6DB2}.Debug|x86.Deploy.0 = Debug|Any CPU
		{41129301-FE09-488F-9EB3-013D49EF6DB2}.Release|Any CPU.ActiveCfg = Release|Any CPU
		{41129301-FE09-488F-9EB3-013D49EF6DB2}.Release|Any CPU.Build.0 = Release|Any CPU
		{41129301-FE09-488F-9EB3-013D49EF6DB2}.Release|Any CPU.Deploy.0 = Release|Any CPU
		{41129301-FE09-488F-9EB3-013D49EF6DB2}.Release|ARM.ActiveCfg = Release|Any CPU
		{41129301-FE09-488F-9EB3-013D49EF6DB2}.Release|ARM.Build.0 = Release|Any CPU
		{41129301-FE09-488F-9EB3-013D49EF6DB2}.Release|ARM.Deploy.0 = Release|Any CPU
		{41129301-FE09-488F-9EB3-013D49EF6DB2}.Release|iPhone.ActiveCfg = Release|Any CPU
		{41129301-FE09-488F-9EB3-013D49EF6DB2}.Release|iPhone.Build.0 = Release|Any CPU
		{41129301-FE09-488F-9EB3-013D49EF6DB2}.Release|iPhone.Deploy.0 = Release|Any CPU
		{41129301-FE09-488F-9EB3-013D49EF6DB2}.Release|iPhoneSimulator.ActiveCfg = Release|Any CPU
		{41129301-FE09-488F-9EB3-013D49EF6DB2}.Release|iPhoneSimulator.Build.0 = Release|Any CPU
		{41129301-FE09-488F-9EB3-013D49EF6DB2}.Release|iPhoneSimulator.Deploy.0 = Release|Any CPU
		{41129301-FE09-488F-9EB3-013D49EF6DB2}.Release|x64.ActiveCfg = Release|Any CPU
		{41129301-FE09-488F-9EB3-013D49EF6DB2}.Release|x64.Build.0 = Release|Any CPU
		{41129301-FE09-488F-9EB3-013D49EF6DB2}.Release|x64.Deploy.0 = Release|Any CPU
		{41129301-FE09-488F-9EB3-013D49EF6DB2}.Release|x86.ActiveCfg = Release|Any CPU
		{41129301-FE09-488F-9EB3-013D49EF6DB2}.Release|x86.Build.0 = Release|Any CPU
		{41129301-FE09-488F-9EB3-013D49EF6DB2}.Release|x86.Deploy.0 = Release|Any CPU
	EndGlobalSection
	GlobalSection(SolutionProperties) = preSolution
		HideSolutionNode = FALSE
	EndGlobalSection
	GlobalSection(ExtensibilityGlobals) = postSolution
		SolutionGuid = {6D24A49D-FD89-40BA-BE3D-33E04C25947F}
	EndGlobalSection
EndGlobal
